
Microsoft Visual Studio Solution File, Format Version 12.00
# Visual Studio Version 17
VisualStudioVersion = 17.9.34526.213
MinimumVisualStudioVersion = 10.0.40219.1
Project("{FAE04EC0-301F-11D3-BF4B-00C04F79EFBC}") = "Microbe.Engine", "Microbe.Engine\Microbe.Engine.csproj", "{EF90217C-EA4F-4F38-8FBF-0462ECC40235}"
EndProject
Project("{8BC9CEB8-8B4A-11D0-8D11-00A0C91BC942}") = "microbe-engine-sdl", "microbe-engine-sdl\microbe-engine-sdl.vcxproj", "{5582D4E3-7FC5-4085-A219-451264CD30D7}"
EndProject
Global
	GlobalSection(SolutionConfigurationPlatforms) = preSolution
		Debug|Any CPU = Debug|Any CPU
		Debug|x64 = Debug|x64
		Debug|x86 = Debug|x86
		Release|Any CPU = Release|Any CPU
		Release|x64 = Release|x64
		Release|x86 = Release|x86
	EndGlobalSection
	GlobalSection(ProjectConfigurationPlatforms) = postSolution
		{EF90217C-EA4F-4F38-8FBF-0462ECC40235}.Debug|Any CPU.ActiveCfg = Debug|Any CPU
		{EF90217C-EA4F-4F38-8FBF-0462ECC40235}.Debug|Any CPU.Build.0 = Debug|Any CPU
		{EF90217C-EA4F-4F38-8FBF-0462ECC40235}.Debug|x64.ActiveCfg = Debug|Any CPU
		{EF90217C-EA4F-4F38-8FBF-0462ECC40235}.Debug|x64.Build.0 = Debug|Any CPU
		{EF90217C-EA4F-4F38-8FBF-0462ECC40235}.Debug|x86.ActiveCfg = Debug|Any CPU
		{EF90217C-EA4F-4F38-8FBF-0462ECC40235}.Debug|x86.Build.0 = Debug|Any CPU
		{EF90217C-EA4F-4F38-8FBF-0462ECC40235}.Release|Any CPU.ActiveCfg = Release|Any CPU
		{EF90217C-EA4F-4F38-8FBF-0462ECC40235}.Release|Any CPU.Build.0 = Release|Any CPU
		{EF90217C-EA4F-4F38-8FBF-0462ECC40235}.Release|x64.ActiveCfg = Release|Any CPU
		{EF90217C-EA4F-4F38-8FBF-0462ECC40235}.Release|x64.Build.0 = Release|Any CPU
		{EF90217C-EA4F-4F38-8FBF-0462ECC40235}.Release|x86.ActiveCfg = Release|Any CPU
		{EF90217C-EA4F-4F38-8FBF-0462ECC40235}.Release|x86.Build.0 = Release|Any CPU
		{5582D4E3-7FC5-4085-A219-451264CD30D7}.Debug|Any CPU.ActiveCfg = Debug|x64
		{5582D4E3-7FC5-4085-A219-451264CD30D7}.Debug|Any CPU.Build.0 = Debug|x64
		{5582D4E3-7FC5-4085-A219-451264CD30D7}.Debug|x64.ActiveCfg = Debug|x64
		{5582D4E3-7FC5-4085-A219-451264CD30D7}.Debug|x64.Build.0 = Debug|x64
		{5582D4E3-7FC5-4085-A219-451264CD30D7}.Debug|x86.ActiveCfg = Debug|Win32
		{5582D4E3-7FC5-4085-A219-451264CD30D7}.Debug|x86.Build.0 = Debug|Win32
		{5582D4E3-7FC5-4085-A219-451264CD30D7}.Release|Any CPU.ActiveCfg = Release|x64
		{5582D4E3-7FC5-4085-A219-451264CD30D7}.Release|Any CPU.Build.0 = Release|x64
		{5582D4E3-7FC5-4085-A219-451264CD30D7}.Release|x64.ActiveCfg = Release|x64
		{5582D4E3-7FC5-4085-A219-451264CD30D7}.Release|x64.Build.0 = Release|x64
		{5582D4E3-7FC5-4085-A219-451264CD30D7}.Release|x86.ActiveCfg = Release|Win32
		{5582D4E3-7FC5-4085-A219-451264CD30D7}.Release|x86.Build.0 = Release|Win32
	EndGlobalSection
	GlobalSection(SolutionProperties) = preSolution
		HideSolutionNode = FALSE
	EndGlobalSection
	GlobalSection(ExtensibilityGlobals) = postSolution
		SolutionGuid = {841723A9-25B6-4CAA-8363-0A20522D5EF9}
	EndGlobalSection
EndGlobal
